
Microsoft Visual Studio Solution File, Format Version 12.00
# Visual Studio Version 17
VisualStudioVersion = 17.0.31612.314
MinimumVisualStudioVersion = 10.0.40219.1
Project("{FAE04EC0-301F-11D3-BF4B-00C04F79EFBC}") = "FirstReverseTry_CodeSignal_Core_Test37", "FirstReverseTry_CodeSignal_Core_Test37\FirstReverseTry_CodeSignal_Core_Test37.csproj", "{1B78D651-D1E3-4FE8-830E-B2F30E96ABA1}"
EndProject
Global
	GlobalSection(SolutionConfigurationPlatforms) = preSolution
		Debug|Any CPU = Debug|Any CPU
		Release|Any CPU = Release|Any CPU
	EndGlobalSection
	GlobalSection(ProjectConfigurationPlatforms) = postSolution
		{1B78D651-D1E3-4FE8-830E-B2F30E96ABA1}.Debug|Any CPU.ActiveCfg = Debug|Any CPU
		{1B78D651-D1E3-4FE8-830E-B2F30E96ABA1}.Debug|Any CPU.Build.0 = Debug|Any CPU
		{1B78D651-D1E3-4FE8-830E-B2F30E96ABA1}.Release|Any CPU.ActiveCfg = Release|Any CPU
		{1B78D651-D1E3-4FE8-830E-B2F30E96ABA1}.Release|Any CPU.Build.0 = Release|Any CPU
	EndGlobalSection
	GlobalSection(SolutionProperties) = preSolution
		HideSolutionNode = FALSE
	EndGlobalSection
	GlobalSection(ExtensibilityGlobals) = postSolution
		SolutionGuid = {B8478519-5C83-4AAC-8FD1-E99CB8FEE307}
	EndGlobalSection
EndGlobal
